
Microsoft Visual Studio Solution File, Format Version 12.00
# Visual Studio Version 17
VisualStudioVersion = 17.1.32228.430
MinimumVisualStudioVersion = 10.0.40219.1
Project("{FAE04EC0-301F-11D3-BF4B-00C04F79EFBC}") = "ExpenseManagerLite", "ExpenseManagerLite\ExpenseManagerLite.csproj", "{D772B3EA-66BC-4706-A816-09F1050F6D06}"
EndProject
Global
	GlobalSection(SolutionConfigurationPlatforms) = preSolution
		Debug|Any CPU = Debug|Any CPU
		Release|Any CPU = Release|Any CPU
	EndGlobalSection
	GlobalSection(ProjectConfigurationPlatforms) = postSolution
		{D772B3EA-66BC-4706-A816-09F1050F6D06}.Debug|Any CPU.ActiveCfg = Debug|Any CPU
		{D772B3EA-66BC-4706-A816-09F1050F6D06}.Debug|Any CPU.Build.0 = Debug|Any CPU
		{D772B3EA-66BC-4706-A816-09F1050F6D06}.Release|Any CPU.ActiveCfg = Release|Any CPU
		{D772B3EA-66BC-4706-A816-09F1050F6D06}.Release|Any CPU.Build.0 = Release|Any CPU
	EndGlobalSection
	GlobalSection(SolutionProperties) = preSolution
		HideSolutionNode = FALSE
	EndGlobalSection
	GlobalSection(ExtensibilityGlobals) = postSolution
		SolutionGuid = {85555075-B512-4374-8B7D-25ABC2592803}
	EndGlobalSection
EndGlobal
